
Microsoft Visual Studio Solution File, Format Version 12.00
# Visual Studio Version 16
VisualStudioVersion = 16.0.29318.209
MinimumVisualStudioVersion = 10.0.40219.1
Project("{FAE04EC0-301F-11D3-BF4B-00C04F79EFBC}") = "Horizon", "Horizon.csproj", "{94565970-59D7-4922-928A-E5AEE08350F5}"
EndProject
Global
	GlobalSection(SolutionConfigurationPlatforms) = preSolution
		Debug|Any CPU = Debug|Any CPU
		Release|Any CPU = Release|Any CPU
	EndGlobalSection
	GlobalSection(ProjectConfigurationPlatforms) = postSolution
		{94565970-59D7-4922-928A-E5AEE08350F5}.Debug|Any CPU.ActiveCfg = Debug|Any CPU
		{94565970-59D7-4922-928A-E5AEE08350F5}.Debug|Any CPU.Build.0 = Debug|Any CPU
		{94565970-59D7-4922-928A-E5AEE08350F5}.Release|Any CPU.ActiveCfg = Release|Any CPU
		{94565970-59D7-4922-928A-E5AEE08350F5}.Release|Any CPU.Build.0 = Release|Any CPU
	EndGlobalSection
	GlobalSection(SolutionProperties) = preSolution
		HideSolutionNode = FALSE
	EndGlobalSection
	GlobalSection(ExtensibilityGlobals) = postSolution
		SolutionGuid = {7908D353-09C3-499D-9D0C-E0C08BD295BB}
	EndGlobalSection
EndGlobal
